
Microsoft Visual Studio Solution File, Format Version 12.00
# Visual Studio Version 16
VisualStudioVersion = 16.0.30011.22
MinimumVisualStudioVersion = 10.0.40219.1
Project("{9A19103F-16F7-4668-BE54-9A1E7A4F7556}") = "ClientSvc", "ClientSvc\ClientSvc.csproj", "{5177AF3E-FA2B-4319-9DF0-48D83A478FD9}"
EndProject
Project("{9A19103F-16F7-4668-BE54-9A1E7A4F7556}") = "ListenerSvc", "ListenerSvc\ListenerSvc.csproj", "{1D8E9ECE-731D-49AE-893D-EDF0AC821284}"
EndProject
Project("{9A19103F-16F7-4668-BE54-9A1E7A4F7556}") = "Core", "Core\Core.csproj", "{FCC36A7A-5512-4EDB-A7CB-7E99A95115FB}"
EndProject
Global
	GlobalSection(SolutionConfigurationPlatforms) = preSolution
		Debug|Any CPU = Debug|Any CPU
		Release|Any CPU = Release|Any CPU
	EndGlobalSection
	GlobalSection(ProjectConfigurationPlatforms) = postSolution
		{5177AF3E-FA2B-4319-9DF0-48D83A478FD9}.Debug|Any CPU.ActiveCfg = Debug|Any CPU
		{5177AF3E-FA2B-4319-9DF0-48D83A478FD9}.Debug|Any CPU.Build.0 = Debug|Any CPU
		{5177AF3E-FA2B-4319-9DF0-48D83A478FD9}.Release|Any CPU.ActiveCfg = Release|Any CPU
		{5177AF3E-FA2B-4319-9DF0-48D83A478FD9}.Release|Any CPU.Build.0 = Release|Any CPU
		{1D8E9ECE-731D-49AE-893D-EDF0AC821284}.Debug|Any CPU.ActiveCfg = Debug|Any CPU
		{1D8E9ECE-731D-49AE-893D-EDF0AC821284}.Debug|Any CPU.Build.0 = Debug|Any CPU
		{1D8E9ECE-731D-49AE-893D-EDF0AC821284}.Release|Any CPU.ActiveCfg = Release|Any CPU
		{1D8E9ECE-731D-49AE-893D-EDF0AC821284}.Release|Any CPU.Build.0 = Release|Any CPU
		{FCC36A7A-5512-4EDB-A7CB-7E99A95115FB}.Debug|Any CPU.ActiveCfg = Debug|Any CPU
		{FCC36A7A-5512-4EDB-A7CB-7E99A95115FB}.Debug|Any CPU.Build.0 = Debug|Any CPU
		{FCC36A7A-5512-4EDB-A7CB-7E99A95115FB}.Release|Any CPU.ActiveCfg = Release|Any CPU
		{FCC36A7A-5512-4EDB-A7CB-7E99A95115FB}.Release|Any CPU.Build.0 = Release|Any CPU
	EndGlobalSection
	GlobalSection(SolutionProperties) = preSolution
		HideSolutionNode = FALSE
	EndGlobalSection
	GlobalSection(ExtensibilityGlobals) = postSolution
		SolutionGuid = {B6B64A29-8663-4DEC-8EFD-0F27445AAC2D}
	EndGlobalSection
EndGlobal
